
Microsoft Visual Studio Solution File, Format Version 12.00
# Visual Studio 2013
VisualStudioVersion = 12.0.40629.0
MinimumVisualStudioVersion = 10.0.40219.1
Project("{FAE04EC0-301F-11D3-BF4B-00C04F79EFBC}") = "TrippismApi", "TrippersStop\TrippismApi.csproj", "{0B9A31F4-4AD2-4BA0-A265-F24F97F1159D}"
EndProject
Project("{FAE04EC0-301F-11D3-BF4B-00C04F79EFBC}") = "TraveLayer", "TraveLayer\TraveLayer.csproj", "{C5BAAB69-8D1D-4402-9573-4B6F2939B7EF}"
EndProject
Project("{FAE04EC0-301F-11D3-BF4B-00C04F79EFBC}") = "DataLayer", "DataLayer\DataLayer.csproj", "{14B3909B-3036-4A7C-BC81-E56941952B43}"
EndProject
Project("{FAE04EC0-301F-11D3-BF4B-00C04F79EFBC}") = "TrippismTests", "TrippismTests\TrippismTests.csproj", "{F082EA82-8C40-4C96-9956-CF1FA2FF120A}"
EndProject
Global
	GlobalSection(SolutionConfigurationPlatforms) = preSolution
		Debug|Any CPU = Debug|Any CPU
		Release|Any CPU = Release|Any CPU
	EndGlobalSection
	GlobalSection(ProjectConfigurationPlatforms) = postSolution
		{0B9A31F4-4AD2-4BA0-A265-F24F97F1159D}.Debug|Any CPU.ActiveCfg = Debug|Any CPU
		{0B9A31F4-4AD2-4BA0-A265-F24F97F1159D}.Debug|Any CPU.Build.0 = Debug|Any CPU
		{0B9A31F4-4AD2-4BA0-A265-F24F97F1159D}.Release|Any CPU.ActiveCfg = Release|Any CPU
		{0B9A31F4-4AD2-4BA0-A265-F24F97F1159D}.Release|Any CPU.Build.0 = Release|Any CPU
		{C5BAAB69-8D1D-4402-9573-4B6F2939B7EF}.Debug|Any CPU.ActiveCfg = Debug|Any CPU
		{C5BAAB69-8D1D-4402-9573-4B6F2939B7EF}.Debug|Any CPU.Build.0 = Debug|Any CPU
		{C5BAAB69-8D1D-4402-9573-4B6F2939B7EF}.Release|Any CPU.ActiveCfg = Release|Any CPU
		{C5BAAB69-8D1D-4402-9573-4B6F2939B7EF}.Release|Any CPU.Build.0 = Release|Any CPU
		{14B3909B-3036-4A7C-BC81-E56941952B43}.Debug|Any CPU.ActiveCfg = Debug|Any CPU
		{14B3909B-3036-4A7C-BC81-E56941952B43}.Debug|Any CPU.Build.0 = Debug|Any CPU
		{14B3909B-3036-4A7C-BC81-E56941952B43}.Release|Any CPU.ActiveCfg = Release|Any CPU
		{14B3909B-3036-4A7C-BC81-E56941952B43}.Release|Any CPU.Build.0 = Release|Any CPU
		{F082EA82-8C40-4C96-9956-CF1FA2FF120A}.Debug|Any CPU.ActiveCfg = Debug|Any CPU
		{F082EA82-8C40-4C96-9956-CF1FA2FF120A}.Debug|Any CPU.Build.0 = Debug|Any CPU
		{F082EA82-8C40-4C96-9956-CF1FA2FF120A}.Release|Any CPU.ActiveCfg = Release|Any CPU
		{F082EA82-8C40-4C96-9956-CF1FA2FF120A}.Release|Any CPU.Build.0 = Release|Any CPU
	EndGlobalSection
	GlobalSection(SolutionProperties) = preSolution
		HideSolutionNode = FALSE
	EndGlobalSection
EndGlobal
